
Microsoft Visual Studio Solution File, Format Version 11.00
# Visual Studio 2010
Project("{F184B08F-C81C-45F6-A57F-5ABD9991F28F}") = "My Text Box Sub", "My Text Box Sub\My Text Box Sub.vbproj", "{15E6D2C7-8A9D-4A03-9EBC-7EF36B8137BB}"
EndProject
Global
	GlobalSection(SolutionConfigurationPlatforms) = preSolution
		Debug|x86 = Debug|x86
		Release|x86 = Release|x86
	EndGlobalSection
	GlobalSection(ProjectConfigurationPlatforms) = postSolution
		{15E6D2C7-8A9D-4A03-9EBC-7EF36B8137BB}.Debug|x86.ActiveCfg = Debug|x86
		{15E6D2C7-8A9D-4A03-9EBC-7EF36B8137BB}.Debug|x86.Build.0 = Debug|x86
		{15E6D2C7-8A9D-4A03-9EBC-7EF36B8137BB}.Release|x86.ActiveCfg = Release|x86
		{15E6D2C7-8A9D-4A03-9EBC-7EF36B8137BB}.Release|x86.Build.0 = Release|x86
	EndGlobalSection
	GlobalSection(SolutionProperties) = preSolution
		HideSolutionNode = FALSE
	EndGlobalSection
EndGlobal
