
Microsoft Visual Studio Solution File, Format Version 11.00
# Visual Studio 2010
Project("{F184B08F-C81C-45F6-A57F-5ABD9991F28F}") = "practise 4", "practise 4\practise 4.vbproj", "{8262DEAB-D97E-4387-BF61-469631A3A270}"
EndProject
Global
	GlobalSection(SolutionConfigurationPlatforms) = preSolution
		Debug|x86 = Debug|x86
		Release|x86 = Release|x86
	EndGlobalSection
	GlobalSection(ProjectConfigurationPlatforms) = postSolution
		{8262DEAB-D97E-4387-BF61-469631A3A270}.Debug|x86.ActiveCfg = Debug|x86
		{8262DEAB-D97E-4387-BF61-469631A3A270}.Debug|x86.Build.0 = Debug|x86
		{8262DEAB-D97E-4387-BF61-469631A3A270}.Release|x86.ActiveCfg = Release|x86
		{8262DEAB-D97E-4387-BF61-469631A3A270}.Release|x86.Build.0 = Release|x86
	EndGlobalSection
	GlobalSection(SolutionProperties) = preSolution
		HideSolutionNode = FALSE
	EndGlobalSection
EndGlobal
