
Microsoft Visual Studio Solution File, Format Version 11.00
# Visual Studio 2010
Project("{F184B08F-C81C-45F6-A57F-5ABD9991F28F}") = "Conversion App", "Conversion App\Conversion App.vbproj", "{EC517EDE-6B4B-4C3F-BEC0-7A0E9BA3A6C6}"
EndProject
Global
	GlobalSection(SolutionConfigurationPlatforms) = preSolution
		Debug|x86 = Debug|x86
		Release|x86 = Release|x86
	EndGlobalSection
	GlobalSection(ProjectConfigurationPlatforms) = postSolution
		{EC517EDE-6B4B-4C3F-BEC0-7A0E9BA3A6C6}.Debug|x86.ActiveCfg = Debug|x86
		{EC517EDE-6B4B-4C3F-BEC0-7A0E9BA3A6C6}.Debug|x86.Build.0 = Debug|x86
		{EC517EDE-6B4B-4C3F-BEC0-7A0E9BA3A6C6}.Release|x86.ActiveCfg = Release|x86
		{EC517EDE-6B4B-4C3F-BEC0-7A0E9BA3A6C6}.Release|x86.Build.0 = Release|x86
	EndGlobalSection
	GlobalSection(SolutionProperties) = preSolution
		HideSolutionNode = FALSE
	EndGlobalSection
EndGlobal
